
Microsoft Visual Studio Solution File, Format Version 12.00
Project("{FAE04EC0-301F-11D3-BF4B-00C04F79EFBC}") = "AlgreenMES.API", "AlgreenMES.API\AlgreenMES.API.csproj", "{72E14D68-57BE-4186-9939-D945ACAE0575}"
EndProject
Project("{2150E333-8FDC-42A3-9474-1A3956D46DE8}") = "BuildingBlocks", "BuildingBlocks", "{7266C4A9-E384-DC00-0EB6-47F6002CFBA7}"
EndProject
Project("{FAE04EC0-301F-11D3-BF4B-00C04F79EFBC}") = "AlGreenMES.BuildingBlocks.Common", "src\BuildingBlocks\AlGreenMES.BuildingBlocks.Common\AlGreenMES.BuildingBlocks.Common.csproj", "{7C24D171-38F6-41B8-960C-066F66973758}"
EndProject
Project("{FAE04EC0-301F-11D3-BF4B-00C04F79EFBC}") = "AlGreenMES.BuildingBlocks.EventBus", "src\BuildingBlocks\AlGreenMES.BuildingBlocks.EventBus\AlGreenMES.BuildingBlocks.EventBus.csproj", "{F676A08B-DF5E-4B85-9924-2DFAEC276C05}"
EndProject
Project("{2150E333-8FDC-42A3-9474-1A3956D46DE8}") = "Modules", "Modules", "{CA253913-39DE-BFD0-C9A3-4B7EC6FBDF17}"
EndProject
Project("{2150E333-8FDC-42A3-9474-1A3956D46DE8}") = "Tenancy", "Tenancy", "{A76EE12E-3ECC-62C3-0A2F-98209D0D945F}"
EndProject
Project("{FAE04EC0-301F-11D3-BF4B-00C04F79EFBC}") = "AlGreenMES.Modules.Tenancy.Domain", "src\Modules\Tenancy\AlGreenMES.Modules.Tenancy.Domain\AlGreenMES.Modules.Tenancy.Domain.csproj", "{7DFB9DD0-99B7-407A-8BE1-7331243D2970}"
EndProject
Project("{FAE04EC0-301F-11D3-BF4B-00C04F79EFBC}") = "AlGreenMES.Modules.Tenancy.Application", "src\Modules\Tenancy\AlGreenMES.Modules.Tenancy.Application\AlGreenMES.Modules.Tenancy.Application.csproj", "{3FF9AC8A-1759-4E45-BFC5-1CD71E8A88F6}"
EndProject
Project("{FAE04EC0-301F-11D3-BF4B-00C04F79EFBC}") = "AlGreenMES.Modules.Tenancy.Infrastructure", "src\Modules\Tenancy\AlGreenMES.Modules.Tenancy.Infrastructure\AlGreenMES.Modules.Tenancy.Infrastructure.csproj", "{AE9FAFF2-0BCA-4207-903A-52F901AD9B69}"
EndProject
Project("{FAE04EC0-301F-11D3-BF4B-00C04F79EFBC}") = "AlGreenMES.Modules.Tenancy.Api", "src\Modules\Tenancy\AlGreenMES.Modules.Tenancy.Api\AlGreenMES.Modules.Tenancy.Api.csproj", "{332E10D0-A7EE-4E03-997C-DDA28FF1EAAD}"
EndProject
Project("{2150E333-8FDC-42A3-9474-1A3956D46DE8}") = "Identity", "Identity", "{293C06CD-4E17-48BD-9F3B-B5ADDFFA9425}"
EndProject
Project("{FAE04EC0-301F-11D3-BF4B-00C04F79EFBC}") = "AlGreenMES.Modules.Identity.Domain", "src\Modules\Identity\AlGreenMES.Modules.Identity.Domain\AlGreenMES.Modules.Identity.Domain.csproj", "{DB94FE7D-E809-48DF-A828-3D648EC0F463}"
EndProject
Project("{FAE04EC0-301F-11D3-BF4B-00C04F79EFBC}") = "AlGreenMES.Modules.Identity.Application", "src\Modules\Identity\AlGreenMES.Modules.Identity.Application\AlGreenMES.Modules.Identity.Application.csproj", "{18DAEC70-5ECF-4995-B2E3-FF4FD4FB21FA}"
EndProject
Project("{FAE04EC0-301F-11D3-BF4B-00C04F79EFBC}") = "AlGreenMES.Modules.Identity.Infrastructure", "src\Modules\Identity\AlGreenMES.Modules.Identity.Infrastructure\AlGreenMES.Modules.Identity.Infrastructure.csproj", "{95119C74-278D-45C1-B3AA-FBA3F3A2F586}"
EndProject
Project("{FAE04EC0-301F-11D3-BF4B-00C04F79EFBC}") = "AlGreenMES.Modules.Identity.Api", "src\Modules\Identity\AlGreenMES.Modules.Identity.Api\AlGreenMES.Modules.Identity.Api.csproj", "{B5042AFE-1777-49DC-AA31-BB03C4AE47D0}"
EndProject
Project("{2150E333-8FDC-42A3-9474-1A3956D46DE8}") = "Production", "Production", "{034D2721-AEEC-D25E-50CA-F881364B8D9C}"
EndProject
Project("{FAE04EC0-301F-11D3-BF4B-00C04F79EFBC}") = "AlGreenMES.Modules.Production.Domain", "src\Modules\Production\AlGreenMES.Modules.Production.Domain\AlGreenMES.Modules.Production.Domain.csproj", "{ED27C326-6F65-4BA7-B9AE-D9D0CBAB7095}"
EndProject
Project("{FAE04EC0-301F-11D3-BF4B-00C04F79EFBC}") = "AlGreenMES.Modules.Production.Application", "src\Modules\Production\AlGreenMES.Modules.Production.Application\AlGreenMES.Modules.Production.Application.csproj", "{61C65219-0CF0-4367-A683-7A61C2418C43}"
EndProject
Project("{FAE04EC0-301F-11D3-BF4B-00C04F79EFBC}") = "AlGreenMES.Modules.Production.Infrastructure", "src\Modules\Production\AlGreenMES.Modules.Production.Infrastructure\AlGreenMES.Modules.Production.Infrastructure.csproj", "{46C26B23-6518-450D-B607-003F444C75F5}"
EndProject
Project("{FAE04EC0-301F-11D3-BF4B-00C04F79EFBC}") = "AlGreenMES.Modules.Production.Api", "src\Modules\Production\AlGreenMES.Modules.Production.Api\AlGreenMES.Modules.Production.Api.csproj", "{9B94B4CD-8142-4032-8D0E-8FFB5C6250F1}"
EndProject
Project("{2150E333-8FDC-42A3-9474-1A3956D46DE8}") = "Orders", "Orders", "{E1ED5814-3279-5096-6E7D-B99B82AC87D2}"
EndProject
Project("{FAE04EC0-301F-11D3-BF4B-00C04F79EFBC}") = "AlGreenMES.Modules.Orders.Domain", "src\Modules\Orders\AlGreenMES.Modules.Orders.Domain\AlGreenMES.Modules.Orders.Domain.csproj", "{0B1E78A2-C792-46C6-9FC7-305C98531955}"
EndProject
Project("{FAE04EC0-301F-11D3-BF4B-00C04F79EFBC}") = "AlGreenMES.Modules.Orders.Application", "src\Modules\Orders\AlGreenMES.Modules.Orders.Application\AlGreenMES.Modules.Orders.Application.csproj", "{E88EF8F7-EE3C-4E3A-9713-05937A453100}"
EndProject
Project("{FAE04EC0-301F-11D3-BF4B-00C04F79EFBC}") = "AlGreenMES.Modules.Orders.Infrastructure", "src\Modules\Orders\AlGreenMES.Modules.Orders.Infrastructure\AlGreenMES.Modules.Orders.Infrastructure.csproj", "{422F0D8E-7967-4B99-A98A-C7F51498D690}"
EndProject
Project("{FAE04EC0-301F-11D3-BF4B-00C04F79EFBC}") = "AlGreenMES.Modules.Orders.Api", "src\Modules\Orders\AlGreenMES.Modules.Orders.Api\AlGreenMES.Modules.Orders.Api.csproj", "{6AFEA0C0-A18E-4DC1-BFB9-CF79A34B505E}"
EndProject
Project("{2150E333-8FDC-42A3-9474-1A3956D46DE8}") = "tests", "tests", "{0AB3BF05-4346-4AA6-1389-037BE0695223}"
EndProject
Project("{FAE04EC0-301F-11D3-BF4B-00C04F79EFBC}") = "AlGreenMES.Tests.Integration", "tests\AlGreenMES.Tests.Integration\AlGreenMES.Tests.Integration.csproj", "{D4CFF117-A34B-40D1-A173-271549CA6BC2}"
EndProject
Project("{FAE04EC0-301F-11D3-BF4B-00C04F79EFBC}") = "AlGreenMES.Tests.Unit", "tests\AlGreenMES.Tests.Unit\AlGreenMES.Tests.Unit.csproj", "{30053516-E6CE-4653-9203-815876F74942}"
EndProject
Global
	GlobalSection(SolutionConfigurationPlatforms) = preSolution
		Debug|Any CPU = Debug|Any CPU
		Debug|x64 = Debug|x64
		Debug|x86 = Debug|x86
		Release|Any CPU = Release|Any CPU
		Release|x64 = Release|x64
		Release|x86 = Release|x86
	EndGlobalSection
	GlobalSection(ProjectConfigurationPlatforms) = postSolution
		{72E14D68-57BE-4186-9939-D945ACAE0575}.Debug|Any CPU.ActiveCfg = Debug|Any CPU
		{72E14D68-57BE-4186-9939-D945ACAE0575}.Debug|Any CPU.Build.0 = Debug|Any CPU
		{72E14D68-57BE-4186-9939-D945ACAE0575}.Debug|x64.ActiveCfg = Debug|Any CPU
		{72E14D68-57BE-4186-9939-D945ACAE0575}.Debug|x64.Build.0 = Debug|Any CPU
		{72E14D68-57BE-4186-9939-D945ACAE0575}.Debug|x86.ActiveCfg = Debug|Any CPU
		{72E14D68-57BE-4186-9939-D945ACAE0575}.Debug|x86.Build.0 = Debug|Any CPU
		{72E14D68-57BE-4186-9939-D945ACAE0575}.Release|Any CPU.ActiveCfg = Release|Any CPU
		{72E14D68-57BE-4186-9939-D945ACAE0575}.Release|Any CPU.Build.0 = Release|Any CPU
		{72E14D68-57BE-4186-9939-D945ACAE0575}.Release|x64.ActiveCfg = Release|Any CPU
		{72E14D68-57BE-4186-9939-D945ACAE0575}.Release|x64.Build.0 = Release|Any CPU
		{72E14D68-57BE-4186-9939-D945ACAE0575}.Release|x86.ActiveCfg = Release|Any CPU
		{72E14D68-57BE-4186-9939-D945ACAE0575}.Release|x86.Build.0 = Release|Any CPU
		{7C24D171-38F6-41B8-960C-066F66973758}.Debug|Any CPU.ActiveCfg = Debug|Any CPU
		{7C24D171-38F6-41B8-960C-066F66973758}.Debug|Any CPU.Build.0 = Debug|Any CPU
		{7C24D171-38F6-41B8-960C-066F66973758}.Debug|x64.ActiveCfg = Debug|Any CPU
		{7C24D171-38F6-41B8-960C-066F66973758}.Debug|x64.Build.0 = Debug|Any CPU
		{7C24D171-38F6-41B8-960C-066F66973758}.Debug|x86.ActiveCfg = Debug|Any CPU
		{7C24D171-38F6-41B8-960C-066F66973758}.Debug|x86.Build.0 = Debug|Any CPU
		{7C24D171-38F6-41B8-960C-066F66973758}.Release|Any CPU.ActiveCfg = Release|Any CPU
		{7C24D171-38F6-41B8-960C-066F66973758}.Release|Any CPU.Build.0 = Release|Any CPU
		{7C24D171-38F6-41B8-960C-066F66973758}.Release|x64.ActiveCfg = Release|Any CPU
		{7C24D171-38F6-41B8-960C-066F66973758}.Release|x64.Build.0 = Release|Any CPU
		{7C24D171-38F6-41B8-960C-066F66973758}.Release|x86.ActiveCfg = Release|Any CPU
		{7C24D171-38F6-41B8-960C-066F66973758}.Release|x86.Build.0 = Release|Any CPU
		{F676A08B-DF5E-4B85-9924-2DFAEC276C05}.Debug|Any CPU.ActiveCfg = Debug|Any CPU
		{F676A08B-DF5E-4B85-9924-2DFAEC276C05}.Debug|Any CPU.Build.0 = Debug|Any CPU
		{F676A08B-DF5E-4B85-9924-2DFAEC276C05}.Debug|x64.ActiveCfg = Debug|Any CPU
		{F676A08B-DF5E-4B85-9924-2DFAEC276C05}.Debug|x64.Build.0 = Debug|Any CPU
		{F676A08B-DF5E-4B85-9924-2DFAEC276C05}.Debug|x86.ActiveCfg = Debug|Any CPU
		{F676A08B-DF5E-4B85-9924-2DFAEC276C05}.Debug|x86.Build.0 = Debug|Any CPU
		{F676A08B-DF5E-4B85-9924-2DFAEC276C05}.Release|Any CPU.ActiveCfg = Release|Any CPU
		{F676A08B-DF5E-4B85-9924-2DFAEC276C05}.Release|Any CPU.Build.0 = Release|Any CPU
		{F676A08B-DF5E-4B85-9924-2DFAEC276C05}.Release|x64.ActiveCfg = Release|Any CPU
		{F676A08B-DF5E-4B85-9924-2DFAEC276C05}.Release|x64.Build.0 = Release|Any CPU
		{F676A08B-DF5E-4B85-9924-2DFAEC276C05}.Release|x86.ActiveCfg = Release|Any CPU
		{F676A08B-DF5E-4B85-9924-2DFAEC276C05}.Release|x86.Build.0 = Release|Any CPU
		{7DFB9DD0-99B7-407A-8BE1-7331243D2970}.Debug|Any CPU.ActiveCfg = Debug|Any CPU
		{7DFB9DD0-99B7-407A-8BE1-7331243D2970}.Debug|Any CPU.Build.0 = Debug|Any CPU
		{7DFB9DD0-99B7-407A-8BE1-7331243D2970}.Debug|x64.ActiveCfg = Debug|Any CPU
		{7DFB9DD0-99B7-407A-8BE1-7331243D2970}.Debug|x64.Build.0 = Debug|Any CPU
		{7DFB9DD0-99B7-407A-8BE1-7331243D2970}.Debug|x86.ActiveCfg = Debug|Any CPU
		{7DFB9DD0-99B7-407A-8BE1-7331243D2970}.Debug|x86.Build.0 = Debug|Any CPU
		{7DFB9DD0-99B7-407A-8BE1-7331243D2970}.Release|Any CPU.ActiveCfg = Release|Any CPU
		{7DFB9DD0-99B7-407A-8BE1-7331243D2970}.Release|Any CPU.Build.0 = Release|Any CPU
		{7DFB9DD0-99B7-407A-8BE1-7331243D2970}.Release|x64.ActiveCfg = Release|Any CPU
		{7DFB9DD0-99B7-407A-8BE1-7331243D2970}.Release|x64.Build.0 = Release|Any CPU
		{7DFB9DD0-99B7-407A-8BE1-7331243D2970}.Release|x86.ActiveCfg = Release|Any CPU
		{7DFB9DD0-99B7-407A-8BE1-7331243D2970}.Release|x86.Build.0 = Release|Any CPU
		{3FF9AC8A-1759-4E45-BFC5-1CD71E8A88F6}.Debug|Any CPU.ActiveCfg = Debug|Any CPU
		{3FF9AC8A-1759-4E45-BFC5-1CD71E8A88F6}.Debug|Any CPU.Build.0 = Debug|Any CPU
		{3FF9AC8A-1759-4E45-BFC5-1CD71E8A88F6}.Debug|x64.ActiveCfg = Debug|Any CPU
		{3FF9AC8A-1759-4E45-BFC5-1CD71E8A88F6}.Debug|x64.Build.0 = Debug|Any CPU
		{3FF9AC8A-1759-4E45-BFC5-1CD71E8A88F6}.Debug|x86.ActiveCfg = Debug|Any CPU
		{3FF9AC8A-1759-4E45-BFC5-1CD71E8A88F6}.Debug|x86.Build.0 = Debug|Any CPU
		{3FF9AC8A-1759-4E45-BFC5-1CD71E8A88F6}.Release|Any CPU.ActiveCfg = Release|Any CPU
		{3FF9AC8A-1759-4E45-BFC5-1CD71E8A88F6}.Release|Any CPU.Build.0 = Release|Any CPU
		{3FF9AC8A-1759-4E45-BFC5-1CD71E8A88F6}.Release|x64.ActiveCfg = Release|Any CPU
		{3FF9AC8A-1759-4E45-BFC5-1CD71E8A88F6}.Release|x64.Build.0 = Release|Any CPU
		{3FF9AC8A-1759-4E45-BFC5-1CD71E8A88F6}.Release|x86.ActiveCfg = Release|Any CPU
		{3FF9AC8A-1759-4E45-BFC5-1CD71E8A88F6}.Release|x86.Build.0 = Release|Any CPU
		{AE9FAFF2-0BCA-4207-903A-52F901AD9B69}.Debug|Any CPU.ActiveCfg = Debug|Any CPU
		{AE9FAFF2-0BCA-4207-903A-52F901AD9B69}.Debug|Any CPU.Build.0 = Debug|Any CPU
		{AE9FAFF2-0BCA-4207-903A-52F901AD9B69}.Debug|x64.ActiveCfg = Debug|Any CPU
		{AE9FAFF2-0BCA-4207-903A-52F901AD9B69}.Debug|x64.Build.0 = Debug|Any CPU
		{AE9FAFF2-0BCA-4207-903A-52F901AD9B69}.Debug|x86.ActiveCfg = Debug|Any CPU
		{AE9FAFF2-0BCA-4207-903A-52F901AD9B69}.Debug|x86.Build.0 = Debug|Any CPU
		{AE9FAFF2-0BCA-4207-903A-52F901AD9B69}.Release|Any CPU.ActiveCfg = Release|Any CPU
		{AE9FAFF2-0BCA-4207-903A-52F901AD9B69}.Release|Any CPU.Build.0 = Release|Any CPU
		{AE9FAFF2-0BCA-4207-903A-52F901AD9B69}.Release|x64.ActiveCfg = Release|Any CPU
		{AE9FAFF2-0BCA-4207-903A-52F901AD9B69}.Release|x64.Build.0 = Release|Any CPU
		{AE9FAFF2-0BCA-4207-903A-52F901AD9B69}.Release|x86.ActiveCfg = Release|Any CPU
		{AE9FAFF2-0BCA-4207-903A-52F901AD9B69}.Release|x86.Build.0 = Release|Any CPU
		{332E10D0-A7EE-4E03-997C-DDA28FF1EAAD}.Debug|Any CPU.ActiveCfg = Debug|Any CPU
		{332E10D0-A7EE-4E03-997C-DDA28FF1EAAD}.Debug|Any CPU.Build.0 = Debug|Any CPU
		{332E10D0-A7EE-4E03-997C-DDA28FF1EAAD}.Debug|x64.ActiveCfg = Debug|Any CPU
		{332E10D0-A7EE-4E03-997C-DDA28FF1EAAD}.Debug|x64.Build.0 = Debug|Any CPU
		{332E10D0-A7EE-4E03-997C-DDA28FF1EAAD}.Debug|x86.ActiveCfg = Debug|Any CPU
		{332E10D0-A7EE-4E03-997C-DDA28FF1EAAD}.Debug|x86.Build.0 = Debug|Any CPU
		{332E10D0-A7EE-4E03-997C-DDA28FF1EAAD}.Release|Any CPU.ActiveCfg = Release|Any CPU
		{332E10D0-A7EE-4E03-997C-DDA28FF1EAAD}.Release|Any CPU.Build.0 = Release|Any CPU
		{332E10D0-A7EE-4E03-997C-DDA28FF1EAAD}.Release|x64.ActiveCfg = Release|Any CPU
		{332E10D0-A7EE-4E03-997C-DDA28FF1EAAD}.Release|x64.Build.0 = Release|Any CPU
		{332E10D0-A7EE-4E03-997C-DDA28FF1EAAD}.Release|x86.ActiveCfg = Release|Any CPU
		{332E10D0-A7EE-4E03-997C-DDA28FF1EAAD}.Release|x86.Build.0 = Release|Any CPU
		{DB94FE7D-E809-48DF-A828-3D648EC0F463}.Debug|Any CPU.ActiveCfg = Debug|Any CPU
		{DB94FE7D-E809-48DF-A828-3D648EC0F463}.Debug|Any CPU.Build.0 = Debug|Any CPU
		{DB94FE7D-E809-48DF-A828-3D648EC0F463}.Debug|x64.ActiveCfg = Debug|Any CPU
		{DB94FE7D-E809-48DF-A828-3D648EC0F463}.Debug|x64.Build.0 = Debug|Any CPU
		{DB94FE7D-E809-48DF-A828-3D648EC0F463}.Debug|x86.ActiveCfg = Debug|Any CPU
		{DB94FE7D-E809-48DF-A828-3D648EC0F463}.Debug|x86.Build.0 = Debug|Any CPU
		{DB94FE7D-E809-48DF-A828-3D648EC0F463}.Release|Any CPU.ActiveCfg = Release|Any CPU
		{DB94FE7D-E809-48DF-A828-3D648EC0F463}.Release|Any CPU.Build.0 = Release|Any CPU
		{DB94FE7D-E809-48DF-A828-3D648EC0F463}.Release|x64.ActiveCfg = Release|Any CPU
		{DB94FE7D-E809-48DF-A828-3D648EC0F463}.Release|x64.Build.0 = Release|Any CPU
		{DB94FE7D-E809-48DF-A828-3D648EC0F463}.Release|x86.ActiveCfg = Release|Any CPU
		{DB94FE7D-E809-48DF-A828-3D648EC0F463}.Release|x86.Build.0 = Release|Any CPU
		{18DAEC70-5ECF-4995-B2E3-FF4FD4FB21FA}.Debug|Any CPU.ActiveCfg = Debug|Any CPU
		{18DAEC70-5ECF-4995-B2E3-FF4FD4FB21FA}.Debug|Any CPU.Build.0 = Debug|Any CPU
		{18DAEC70-5ECF-4995-B2E3-FF4FD4FB21FA}.Debug|x64.ActiveCfg = Debug|Any CPU
		{18DAEC70-5ECF-4995-B2E3-FF4FD4FB21FA}.Debug|x64.Build.0 = Debug|Any CPU
		{18DAEC70-5ECF-4995-B2E3-FF4FD4FB21FA}.Debug|x86.ActiveCfg = Debug|Any CPU
		{18DAEC70-5ECF-4995-B2E3-FF4FD4FB21FA}.Debug|x86.Build.0 = Debug|Any CPU
		{18DAEC70-5ECF-4995-B2E3-FF4FD4FB21FA}.Release|Any CPU.ActiveCfg = Release|Any CPU
		{18DAEC70-5ECF-4995-B2E3-FF4FD4FB21FA}.Release|Any CPU.Build.0 = Release|Any CPU
		{18DAEC70-5ECF-4995-B2E3-FF4FD4FB21FA}.Release|x64.ActiveCfg = Release|Any CPU
		{18DAEC70-5ECF-4995-B2E3-FF4FD4FB21FA}.Release|x64.Build.0 = Release|Any CPU
		{18DAEC70-5ECF-4995-B2E3-FF4FD4FB21FA}.Release|x86.ActiveCfg = Release|Any CPU
		{18DAEC70-5ECF-4995-B2E3-FF4FD4FB21FA}.Release|x86.Build.0 = Release|Any CPU
		{95119C74-278D-45C1-B3AA-FBA3F3A2F586}.Debug|Any CPU.ActiveCfg = Debug|Any CPU
		{95119C74-278D-45C1-B3AA-FBA3F3A2F586}.Debug|Any CPU.Build.0 = Debug|Any CPU
		{95119C74-278D-45C1-B3AA-FBA3F3A2F586}.Debug|x64.ActiveCfg = Debug|Any CPU
		{95119C74-278D-45C1-B3AA-FBA3F3A2F586}.Debug|x64.Build.0 = Debug|Any CPU
		{95119C74-278D-45C1-B3AA-FBA3F3A2F586}.Debug|x86.ActiveCfg = Debug|Any CPU
		{95119C74-278D-45C1-B3AA-FBA3F3A2F586}.Debug|x86.Build.0 = Debug|Any CPU
		{95119C74-278D-45C1-B3AA-FBA3F3A2F586}.Release|Any CPU.ActiveCfg = Release|Any CPU
		{95119C74-278D-45C1-B3AA-FBA3F3A2F586}.Release|Any CPU.Build.0 = Release|Any CPU
		{95119C74-278D-45C1-B3AA-FBA3F3A2F586}.Release|x64.ActiveCfg = Release|Any CPU
		{95119C74-278D-45C1-B3AA-FBA3F3A2F586}.Release|x64.Build.0 = Release|Any CPU
		{95119C74-278D-45C1-B3AA-FBA3F3A2F586}.Release|x86.ActiveCfg = Release|Any CPU
		{95119C74-278D-45C1-B3AA-FBA3F3A2F586}.Release|x86.Build.0 = Release|Any CPU
		{B5042AFE-1777-49DC-AA31-BB03C4AE47D0}.Debug|Any CPU.ActiveCfg = Debug|Any CPU
		{B5042AFE-1777-49DC-AA31-BB03C4AE47D0}.Debug|Any CPU.Build.0 = Debug|Any CPU
		{B5042AFE-1777-49DC-AA31-BB03C4AE47D0}.Debug|x64.ActiveCfg = Debug|Any CPU
		{B5042AFE-1777-49DC-AA31-BB03C4AE47D0}.Debug|x64.Build.0 = Debug|Any CPU
		{B5042AFE-1777-49DC-AA31-BB03C4AE47D0}.Debug|x86.ActiveCfg = Debug|Any CPU
		{B5042AFE-1777-49DC-AA31-BB03C4AE47D0}.Debug|x86.Build.0 = Debug|Any CPU
		{B5042AFE-1777-49DC-AA31-BB03C4AE47D0}.Release|Any CPU.ActiveCfg = Release|Any CPU
		{B5042AFE-1777-49DC-AA31-BB03C4AE47D0}.Release|Any CPU.Build.0 = Release|Any CPU
		{B5042AFE-1777-49DC-AA31-BB03C4AE47D0}.Release|x64.ActiveCfg = Release|Any CPU
		{B5042AFE-1777-49DC-AA31-BB03C4AE47D0}.Release|x64.Build.0 = Release|Any CPU
		{B5042AFE-1777-49DC-AA31-BB03C4AE47D0}.Release|x86.ActiveCfg = Release|Any CPU
		{B5042AFE-1777-49DC-AA31-BB03C4AE47D0}.Release|x86.Build.0 = Release|Any CPU
		{ED27C326-6F65-4BA7-B9AE-D9D0CBAB7095}.Debug|Any CPU.ActiveCfg = Debug|Any CPU
		{ED27C326-6F65-4BA7-B9AE-D9D0CBAB7095}.Debug|Any CPU.Build.0 = Debug|Any CPU
		{ED27C326-6F65-4BA7-B9AE-D9D0CBAB7095}.Debug|x64.ActiveCfg = Debug|Any CPU
		{ED27C326-6F65-4BA7-B9AE-D9D0CBAB7095}.Debug|x64.Build.0 = Debug|Any CPU
		{ED27C326-6F65-4BA7-B9AE-D9D0CBAB7095}.Debug|x86.ActiveCfg = Debug|Any CPU
		{ED27C326-6F65-4BA7-B9AE-D9D0CBAB7095}.Debug|x86.Build.0 = Debug|Any CPU
		{ED27C326-6F65-4BA7-B9AE-D9D0CBAB7095}.Release|Any CPU.ActiveCfg = Release|Any CPU
		{ED27C326-6F65-4BA7-B9AE-D9D0CBAB7095}.Release|Any CPU.Build.0 = Release|Any CPU
		{ED27C326-6F65-4BA7-B9AE-D9D0CBAB7095}.Release|x64.ActiveCfg = Release|Any CPU
		{ED27C326-6F65-4BA7-B9AE-D9D0CBAB7095}.Release|x64.Build.0 = Release|Any CPU
		{ED27C326-6F65-4BA7-B9AE-D9D0CBAB7095}.Release|x86.ActiveCfg = Release|Any CPU
		{ED27C326-6F65-4BA7-B9AE-D9D0CBAB7095}.Release|x86.Build.0 = Release|Any CPU
		{61C65219-0CF0-4367-A683-7A61C2418C43}.Debug|Any CPU.ActiveCfg = Debug|Any CPU
		{61C65219-0CF0-4367-A683-7A61C2418C43}.Debug|Any CPU.Build.0 = Debug|Any CPU
		{61C65219-0CF0-4367-A683-7A61C2418C43}.Debug|x64.ActiveCfg = Debug|Any CPU
		{61C65219-0CF0-4367-A683-7A61C2418C43}.Debug|x64.Build.0 = Debug|Any CPU
		{61C65219-0CF0-4367-A683-7A61C2418C43}.Debug|x86.ActiveCfg = Debug|Any CPU
		{61C65219-0CF0-4367-A683-7A61C2418C43}.Debug|x86.Build.0 = Debug|Any CPU
		{61C65219-0CF0-4367-A683-7A61C2418C43}.Release|Any CPU.ActiveCfg = Release|Any CPU
		{61C65219-0CF0-4367-A683-7A61C2418C43}.Release|Any CPU.Build.0 = Release|Any CPU
		{61C65219-0CF0-4367-A683-7A61C2418C43}.Release|x64.ActiveCfg = Release|Any CPU
		{61C65219-0CF0-4367-A683-7A61C2418C43}.Release|x64.Build.0 = Release|Any CPU
		{61C65219-0CF0-4367-A683-7A61C2418C43}.Release|x86.ActiveCfg = Release|Any CPU
		{61C65219-0CF0-4367-A683-7A61C2418C43}.Release|x86.Build.0 = Release|Any CPU
		{46C26B23-6518-450D-B607-003F444C75F5}.Debug|Any CPU.ActiveCfg = Debug|Any CPU
		{46C26B23-6518-450D-B607-003F444C75F5}.Debug|Any CPU.Build.0 = Debug|Any CPU
		{46C26B23-6518-450D-B607-003F444C75F5}.Debug|x64.ActiveCfg = Debug|Any CPU
		{46C26B23-6518-450D-B607-003F444C75F5}.Debug|x64.Build.0 = Debug|Any CPU
		{46C26B23-6518-450D-B607-003F444C75F5}.Debug|x86.ActiveCfg = Debug|Any CPU
		{46C26B23-6518-450D-B607-003F444C75F5}.Debug|x86.Build.0 = Debug|Any CPU
		{46C26B23-6518-450D-B607-003F444C75F5}.Release|Any CPU.ActiveCfg = Release|Any CPU
		{46C26B23-6518-450D-B607-003F444C75F5}.Release|Any CPU.Build.0 = Release|Any CPU
		{46C26B23-6518-450D-B607-003F444C75F5}.Release|x64.ActiveCfg = Release|Any CPU
		{46C26B23-6518-450D-B607-003F444C75F5}.Release|x64.Build.0 = Release|Any CPU
		{46C26B23-6518-450D-B607-003F444C75F5}.Release|x86.ActiveCfg = Release|Any CPU
		{46C26B23-6518-450D-B607-003F444C75F5}.Release|x86.Build.0 = Release|Any CPU
		{9B94B4CD-8142-4032-8D0E-8FFB5C6250F1}.Debug|Any CPU.ActiveCfg = Debug|Any CPU
		{9B94B4CD-8142-4032-8D0E-8FFB5C6250F1}.Debug|Any CPU.Build.0 = Debug|Any CPU
		{9B94B4CD-8142-4032-8D0E-8FFB5C6250F1}.Debug|x64.ActiveCfg = Debug|Any CPU
		{9B94B4CD-8142-4032-8D0E-8FFB5C6250F1}.Debug|x64.Build.0 = Debug|Any CPU
		{9B94B4CD-8142-4032-8D0E-8FFB5C6250F1}.Debug|x86.ActiveCfg = Debug|Any CPU
		{9B94B4CD-8142-4032-8D0E-8FFB5C6250F1}.Debug|x86.Build.0 = Debug|Any CPU
		{9B94B4CD-8142-4032-8D0E-8FFB5C6250F1}.Release|Any CPU.ActiveCfg = Release|Any CPU
		{9B94B4CD-8142-4032-8D0E-8FFB5C6250F1}.Release|Any CPU.Build.0 = Release|Any CPU
		{9B94B4CD-8142-4032-8D0E-8FFB5C6250F1}.Release|x64.ActiveCfg = Release|Any CPU
		{9B94B4CD-8142-4032-8D0E-8FFB5C6250F1}.Release|x64.Build.0 = Release|Any CPU
		{9B94B4CD-8142-4032-8D0E-8FFB5C6250F1}.Release|x86.ActiveCfg = Release|Any CPU
		{9B94B4CD-8142-4032-8D0E-8FFB5C6250F1}.Release|x86.Build.0 = Release|Any CPU
		{0B1E78A2-C792-46C6-9FC7-305C98531955}.Debug|Any CPU.ActiveCfg = Debug|Any CPU
		{0B1E78A2-C792-46C6-9FC7-305C98531955}.Debug|Any CPU.Build.0 = Debug|Any CPU
		{0B1E78A2-C792-46C6-9FC7-305C98531955}.Debug|x64.ActiveCfg = Debug|Any CPU
		{0B1E78A2-C792-46C6-9FC7-305C98531955}.Debug|x64.Build.0 = Debug|Any CPU
		{0B1E78A2-C792-46C6-9FC7-305C98531955}.Debug|x86.ActiveCfg = Debug|Any CPU
		{0B1E78A2-C792-46C6-9FC7-305C98531955}.Debug|x86.Build.0 = Debug|Any CPU
		{0B1E78A2-C792-46C6-9FC7-305C98531955}.Release|Any CPU.ActiveCfg = Release|Any CPU
		{0B1E78A2-C792-46C6-9FC7-305C98531955}.Release|Any CPU.Build.0 = Release|Any CPU
		{0B1E78A2-C792-46C6-9FC7-305C98531955}.Release|x64.ActiveCfg = Release|Any CPU
		{0B1E78A2-C792-46C6-9FC7-305C98531955}.Release|x64.Build.0 = Release|Any CPU
		{0B1E78A2-C792-46C6-9FC7-305C98531955}.Release|x86.ActiveCfg = Release|Any CPU
		{0B1E78A2-C792-46C6-9FC7-305C98531955}.Release|x86.Build.0 = Release|Any CPU
		{E88EF8F7-EE3C-4E3A-9713-05937A453100}.Debug|Any CPU.ActiveCfg = Debug|Any CPU
		{E88EF8F7-EE3C-4E3A-9713-05937A453100}.Debug|Any CPU.Build.0 = Debug|Any CPU
		{E88EF8F7-EE3C-4E3A-9713-05937A453100}.Debug|x64.ActiveCfg = Debug|Any CPU
		{E88EF8F7-EE3C-4E3A-9713-05937A453100}.Debug|x64.Build.0 = Debug|Any CPU
		{E88EF8F7-EE3C-4E3A-9713-05937A453100}.Debug|x86.ActiveCfg = Debug|Any CPU
		{E88EF8F7-EE3C-4E3A-9713-05937A453100}.Debug|x86.Build.0 = Debug|Any CPU
		{E88EF8F7-EE3C-4E3A-9713-05937A453100}.Release|Any CPU.ActiveCfg = Release|Any CPU
		{E88EF8F7-EE3C-4E3A-9713-05937A453100}.Release|Any CPU.Build.0 = Release|Any CPU
		{E88EF8F7-EE3C-4E3A-9713-05937A453100}.Release|x64.ActiveCfg = Release|Any CPU
		{E88EF8F7-EE3C-4E3A-9713-05937A453100}.Release|x64.Build.0 = Release|Any CPU
		{E88EF8F7-EE3C-4E3A-9713-05937A453100}.Release|x86.ActiveCfg = Release|Any CPU
		{E88EF8F7-EE3C-4E3A-9713-05937A453100}.Release|x86.Build.0 = Release|Any CPU
		{422F0D8E-7967-4B99-A98A-C7F51498D690}.Debug|Any CPU.ActiveCfg = Debug|Any CPU
		{422F0D8E-7967-4B99-A98A-C7F51498D690}.Debug|Any CPU.Build.0 = Debug|Any CPU
		{422F0D8E-7967-4B99-A98A-C7F51498D690}.Debug|x64.ActiveCfg = Debug|Any CPU
		{422F0D8E-7967-4B99-A98A-C7F51498D690}.Debug|x64.Build.0 = Debug|Any CPU
		{422F0D8E-7967-4B99-A98A-C7F51498D690}.Debug|x86.ActiveCfg = Debug|Any CPU
		{422F0D8E-7967-4B99-A98A-C7F51498D690}.Debug|x86.Build.0 = Debug|Any CPU
		{422F0D8E-7967-4B99-A98A-C7F51498D690}.Release|Any CPU.ActiveCfg = Release|Any CPU
		{422F0D8E-7967-4B99-A98A-C7F51498D690}.Release|Any CPU.Build.0 = Release|Any CPU
		{422F0D8E-7967-4B99-A98A-C7F51498D690}.Release|x64.ActiveCfg = Release|Any CPU
		{422F0D8E-7967-4B99-A98A-C7F51498D690}.Release|x64.Build.0 = Release|Any CPU
		{422F0D8E-7967-4B99-A98A-C7F51498D690}.Release|x86.ActiveCfg = Release|Any CPU
		{422F0D8E-7967-4B99-A98A-C7F51498D690}.Release|x86.Build.0 = Release|Any CPU
		{6AFEA0C0-A18E-4DC1-BFB9-CF79A34B505E}.Debug|Any CPU.ActiveCfg = Debug|Any CPU
		{6AFEA0C0-A18E-4DC1-BFB9-CF79A34B505E}.Debug|Any CPU.Build.0 = Debug|Any CPU
		{6AFEA0C0-A18E-4DC1-BFB9-CF79A34B505E}.Debug|x64.ActiveCfg = Debug|Any CPU
		{6AFEA0C0-A18E-4DC1-BFB9-CF79A34B505E}.Debug|x64.Build.0 = Debug|Any CPU
		{6AFEA0C0-A18E-4DC1-BFB9-CF79A34B505E}.Debug|x86.ActiveCfg = Debug|Any CPU
		{6AFEA0C0-A18E-4DC1-BFB9-CF79A34B505E}.Debug|x86.Build.0 = Debug|Any CPU
		{6AFEA0C0-A18E-4DC1-BFB9-CF79A34B505E}.Release|Any CPU.ActiveCfg = Release|Any CPU
		{6AFEA0C0-A18E-4DC1-BFB9-CF79A34B505E}.Release|Any CPU.Build.0 = Release|Any CPU
		{6AFEA0C0-A18E-4DC1-BFB9-CF79A34B505E}.Release|x64.ActiveCfg = Release|Any CPU
		{6AFEA0C0-A18E-4DC1-BFB9-CF79A34B505E}.Release|x64.Build.0 = Release|Any CPU
		{6AFEA0C0-A18E-4DC1-BFB9-CF79A34B505E}.Release|x86.ActiveCfg = Release|Any CPU
		{6AFEA0C0-A18E-4DC1-BFB9-CF79A34B505E}.Release|x86.Build.0 = Release|Any CPU
		{D4CFF117-A34B-40D1-A173-271549CA6BC2}.Debug|Any CPU.ActiveCfg = Debug|Any CPU
		{D4CFF117-A34B-40D1-A173-271549CA6BC2}.Debug|Any CPU.Build.0 = Debug|Any CPU
		{D4CFF117-A34B-40D1-A173-271549CA6BC2}.Debug|x64.ActiveCfg = Debug|Any CPU
		{D4CFF117-A34B-40D1-A173-271549CA6BC2}.Debug|x64.Build.0 = Debug|Any CPU
		{D4CFF117-A34B-40D1-A173-271549CA6BC2}.Debug|x86.ActiveCfg = Debug|Any CPU
		{D4CFF117-A34B-40D1-A173-271549CA6BC2}.Debug|x86.Build.0 = Debug|Any CPU
		{D4CFF117-A34B-40D1-A173-271549CA6BC2}.Release|Any CPU.ActiveCfg = Release|Any CPU
		{D4CFF117-A34B-40D1-A173-271549CA6BC2}.Release|Any CPU.Build.0 = Release|Any CPU
		{D4CFF117-A34B-40D1-A173-271549CA6BC2}.Release|x64.ActiveCfg = Release|Any CPU
		{D4CFF117-A34B-40D1-A173-271549CA6BC2}.Release|x64.Build.0 = Release|Any CPU
		{D4CFF117-A34B-40D1-A173-271549CA6BC2}.Release|x86.ActiveCfg = Release|Any CPU
		{D4CFF117-A34B-40D1-A173-271549CA6BC2}.Release|x86.Build.0 = Release|Any CPU
		{30053516-E6CE-4653-9203-815876F74942}.Debug|Any CPU.ActiveCfg = Debug|Any CPU
		{30053516-E6CE-4653-9203-815876F74942}.Debug|Any CPU.Build.0 = Debug|Any CPU
		{30053516-E6CE-4653-9203-815876F74942}.Debug|x64.ActiveCfg = Debug|Any CPU
		{30053516-E6CE-4653-9203-815876F74942}.Debug|x64.Build.0 = Debug|Any CPU
		{30053516-E6CE-4653-9203-815876F74942}.Debug|x86.ActiveCfg = Debug|Any CPU
		{30053516-E6CE-4653-9203-815876F74942}.Debug|x86.Build.0 = Debug|Any CPU
		{30053516-E6CE-4653-9203-815876F74942}.Release|Any CPU.ActiveCfg = Release|Any CPU
		{30053516-E6CE-4653-9203-815876F74942}.Release|Any CPU.Build.0 = Release|Any CPU
		{30053516-E6CE-4653-9203-815876F74942}.Release|x64.ActiveCfg = Release|Any CPU
		{30053516-E6CE-4653-9203-815876F74942}.Release|x64.Build.0 = Release|Any CPU
		{30053516-E6CE-4653-9203-815876F74942}.Release|x86.ActiveCfg = Release|Any CPU
		{30053516-E6CE-4653-9203-815876F74942}.Release|x86.Build.0 = Release|Any CPU
	EndGlobalSection
	GlobalSection(SolutionProperties) = preSolution
		HideSolutionNode = FALSE
	EndGlobalSection
	GlobalSection(NestedProjects) = preSolution
		{7C24D171-38F6-41B8-960C-066F66973758} = {7266C4A9-E384-DC00-0EB6-47F6002CFBA7}
		{F676A08B-DF5E-4B85-9924-2DFAEC276C05} = {7266C4A9-E384-DC00-0EB6-47F6002CFBA7}
		{A76EE12E-3ECC-62C3-0A2F-98209D0D945F} = {CA253913-39DE-BFD0-C9A3-4B7EC6FBDF17}
		{7DFB9DD0-99B7-407A-8BE1-7331243D2970} = {A76EE12E-3ECC-62C3-0A2F-98209D0D945F}
		{3FF9AC8A-1759-4E45-BFC5-1CD71E8A88F6} = {A76EE12E-3ECC-62C3-0A2F-98209D0D945F}
		{AE9FAFF2-0BCA-4207-903A-52F901AD9B69} = {A76EE12E-3ECC-62C3-0A2F-98209D0D945F}
		{332E10D0-A7EE-4E03-997C-DDA28FF1EAAD} = {A76EE12E-3ECC-62C3-0A2F-98209D0D945F}
		{293C06CD-4E17-48BD-9F3B-B5ADDFFA9425} = {CA253913-39DE-BFD0-C9A3-4B7EC6FBDF17}
		{DB94FE7D-E809-48DF-A828-3D648EC0F463} = {293C06CD-4E17-48BD-9F3B-B5ADDFFA9425}
		{18DAEC70-5ECF-4995-B2E3-FF4FD4FB21FA} = {293C06CD-4E17-48BD-9F3B-B5ADDFFA9425}
		{95119C74-278D-45C1-B3AA-FBA3F3A2F586} = {293C06CD-4E17-48BD-9F3B-B5ADDFFA9425}
		{B5042AFE-1777-49DC-AA31-BB03C4AE47D0} = {293C06CD-4E17-48BD-9F3B-B5ADDFFA9425}
		{034D2721-AEEC-D25E-50CA-F881364B8D9C} = {CA253913-39DE-BFD0-C9A3-4B7EC6FBDF17}
		{ED27C326-6F65-4BA7-B9AE-D9D0CBAB7095} = {034D2721-AEEC-D25E-50CA-F881364B8D9C}
		{61C65219-0CF0-4367-A683-7A61C2418C43} = {034D2721-AEEC-D25E-50CA-F881364B8D9C}
		{46C26B23-6518-450D-B607-003F444C75F5} = {034D2721-AEEC-D25E-50CA-F881364B8D9C}
		{9B94B4CD-8142-4032-8D0E-8FFB5C6250F1} = {034D2721-AEEC-D25E-50CA-F881364B8D9C}
		{E1ED5814-3279-5096-6E7D-B99B82AC87D2} = {CA253913-39DE-BFD0-C9A3-4B7EC6FBDF17}
		{0B1E78A2-C792-46C6-9FC7-305C98531955} = {E1ED5814-3279-5096-6E7D-B99B82AC87D2}
		{E88EF8F7-EE3C-4E3A-9713-05937A453100} = {E1ED5814-3279-5096-6E7D-B99B82AC87D2}
		{422F0D8E-7967-4B99-A98A-C7F51498D690} = {E1ED5814-3279-5096-6E7D-B99B82AC87D2}
		{6AFEA0C0-A18E-4DC1-BFB9-CF79A34B505E} = {E1ED5814-3279-5096-6E7D-B99B82AC87D2}
		{D4CFF117-A34B-40D1-A173-271549CA6BC2} = {0AB3BF05-4346-4AA6-1389-037BE0695223}
		{30053516-E6CE-4653-9203-815876F74942} = {0AB3BF05-4346-4AA6-1389-037BE0695223}
	EndGlobalSection
EndGlobal
